
Microsoft Visual Studio Solution File, Format Version 12.00
# Visual Studio Version 16
VisualStudioVersion = 16.0.30907.101
MinimumVisualStudioVersion = 10.0.40219.1
Project("{FAE04EC0-301F-11D3-BF4B-00C04F79EFBC}") = "WpfApp1", "WpfApp1\WpfApp1.csproj", "{AAD8B88C-DBE8-4F43-8026-878C4215271A}"
EndProject
Global
	GlobalSection(SolutionConfigurationPlatforms) = preSolution
		Debug|Any CPU = Debug|Any CPU
		Release|Any CPU = Release|Any CPU
	EndGlobalSection
	GlobalSection(ProjectConfigurationPlatforms) = postSolution
		{AAD8B88C-DBE8-4F43-8026-878C4215271A}.Debug|Any CPU.ActiveCfg = Debug|Any CPU
		{AAD8B88C-DBE8-4F43-8026-878C4215271A}.Debug|Any CPU.Build.0 = Debug|Any CPU
		{AAD8B88C-DBE8-4F43-8026-878C4215271A}.Release|Any CPU.ActiveCfg = Release|Any CPU
		{AAD8B88C-DBE8-4F43-8026-878C4215271A}.Release|Any CPU.Build.0 = Release|Any CPU
	EndGlobalSection
	GlobalSection(SolutionProperties) = preSolution
		HideSolutionNode = FALSE
	EndGlobalSection
	GlobalSection(ExtensibilityGlobals) = postSolution
		SolutionGuid = {2D64ADA0-70DA-4797-A935-00D347BD63BB}
	EndGlobalSection
EndGlobal
